{
  "name": "atacama",
  "version": "1.0.0",
  "lockfileVersion": 1,
  "requires": true,
  "dependencies": {
    "@types/node": {
      "version": "10.12.18",
      "resolved": "https://registry.npmjs.org/@types/node/-/node-10.12.18.tgz",
      "integrity": "sha512-fh+pAqt4xRzPfqA6eh3Z2y6fyZavRIumvjhaCL753+TVkGKGhpPeyrJG2JftD0T9q4GF00KjefsQ+PQNDdWQaQ=="
    },
    "jwt-decode": {
      "version": "2.2.0"
    },
    "typescript": {
      "version": "3.2.2",
      "dev": true
    },
    "typescript-optional": {
      "version": "1.8.0"
    }
  }
}
