# THIS IS AN AUTOGENERATED FILE. DO NOT EDIT THIS FILE DIRECTLY.
# yarn lockfile v1


"@types/node@^10.12.18":
  version "10.12.18"
  resolved "https://registry.yarnpkg.com/@types/node/-/node-10.12.18.tgz#1d3ca764718915584fcd9f6344621b7672665c67"
  integrity sha512-fh+pAqt4xRzPfqA6eh3Z2y6fyZavRIumvjhaCL753+TVkGKGhpPeyrJG2JftD0T9q4GF00KjefsQ+PQNDdWQaQ==

http-status-codes@^1.3.0:
  version "1.3.0"
  resolved "https://registry.yarnpkg.com/http-status-codes/-/http-status-codes-1.3.0.tgz#9cd0e71391773d0671b489d41cbc5094aa4163b6"
  integrity sha1-nNDnE5F3PQZxtInUHLxQlKpBY7Y=

jwt-decode@^2.2.0:
  version "2.2.0"
  resolved "https://registry.yarnpkg.com/jwt-decode/-/jwt-decode-2.2.0.tgz#7d86bd56679f58ce6a84704a657dd392bba81a79"
  integrity sha1-fYa9VmefWM5qhHBKZX3TkruoGnk=

typescript-optional@^1.8.0:
  version "1.8.0"
  resolved "https://registry.yarnpkg.com/typescript-optional/-/typescript-optional-1.8.0.tgz#f9da28d5131382722a4724ee9a02f3effb355cca"
  integrity sha512-313OpXGvG97CLgzEdDZOgNHGOOyIseWBMX7M7PG3YDNejSJXubVdshKO//kyovKkqE2FcapC6ZoVhteHDFRlFg==

typescript@^3.2.2:
  version "3.2.2"
  resolved "https://registry.yarnpkg.com/typescript/-/typescript-3.2.2.tgz#fe8101c46aa123f8353523ebdcf5730c2ae493e5"
  integrity sha512-VCj5UiSyHBjwfYacmDuc/NOk4QQixbE+Wn7MFJuS0nRuPQbof132Pw4u53dm264O8LPc2MVsc7RJNml5szurkg==
